
Microsoft Visual Studio Solution File, Format Version 12.00
# Visual Studio Version 17
VisualStudioVersion = 17.1.32210.238
MinimumVisualStudioVersion = 10.0.40219.1
Project("{FAE04EC0-301F-11D3-BF4B-00C04F79EFBC}") = "paylocitybenfitsapi", "paylocitybenfitsapi.csproj", "{854F7EBC-9587-4721-88DB-F30C54BBFC34}"
EndProject
Global
	GlobalSection(SolutionConfigurationPlatforms) = preSolution
		Debug|Any CPU = Debug|Any CPU
		Release|Any CPU = Release|Any CPU
	EndGlobalSection
	GlobalSection(ProjectConfigurationPlatforms) = postSolution
		{854F7EBC-9587-4721-88DB-F30C54BBFC34}.Debug|Any CPU.ActiveCfg = Debug|Any CPU
		{854F7EBC-9587-4721-88DB-F30C54BBFC34}.Debug|Any CPU.Build.0 = Debug|Any CPU
		{854F7EBC-9587-4721-88DB-F30C54BBFC34}.Release|Any CPU.ActiveCfg = Release|Any CPU
		{854F7EBC-9587-4721-88DB-F30C54BBFC34}.Release|Any CPU.Build.0 = Release|Any CPU
	EndGlobalSection
	GlobalSection(SolutionProperties) = preSolution
		HideSolutionNode = FALSE
	EndGlobalSection
	GlobalSection(ExtensibilityGlobals) = postSolution
		SolutionGuid = {72EABA60-637D-4A88-905E-3BF556319CBD}
	EndGlobalSection
EndGlobal
